# THIS IS AN AUTOGENERATED FILE. DO NOT EDIT THIS FILE DIRECTLY.
# yarn lockfile v1


secrets.js-grempe@^2.0.0:
  version "2.0.0"
  resolved "https://registry.yarnpkg.com/secrets.js-grempe/-/secrets.js-grempe-2.0.0.tgz#65b32bf6bfe4f40e8ed0e44dc74f469e293a4ab8"
  integrity sha512-4xkOIaDAg998dTFXZUJTOoVbdLHfB818SMeLJ69ABccgGEKokxsoRFupAFfAImloUSKv4QUGNMgKVbKMf6z0Ug==
